
Microsoft Visual Studio Solution File, Format Version 12.00
# Visual Studio Version 16
VisualStudioVersion = 16.0.32228.343
MinimumVisualStudioVersion = 10.0.40219.1
Project("{9A19103F-16F7-4668-BE54-9A1E7A4F7556}") = "Gimnasio", "Clientes\Gimnasio.csproj", "{5926E1E8-DD5D-4623-999C-C48F750EA942}"
EndProject
Project("{9A19103F-16F7-4668-BE54-9A1E7A4F7556}") = "Gimnasio PAPUSA", "Gimnasio PAPUSA\Gimnasio PAPUSA.csproj", "{5337C093-8890-4B97-B5EE-A75467A9C652}"
EndProject
Project("{FAE04EC0-301F-11D3-BF4B-00C04F79EFBC}") = "PruebasUnitarias", "PruebasUnitarias\PruebasUnitarias.csproj", "{F6D15827-F8DE-49D9-B0E2-C782FAF58661}"
EndProject
Global
	GlobalSection(SolutionConfigurationPlatforms) = preSolution
		Debug|Any CPU = Debug|Any CPU
		Release|Any CPU = Release|Any CPU
	EndGlobalSection
	GlobalSection(ProjectConfigurationPlatforms) = postSolution
		{5926E1E8-DD5D-4623-999C-C48F750EA942}.Debug|Any CPU.ActiveCfg = Debug|Any CPU
		{5926E1E8-DD5D-4623-999C-C48F750EA942}.Debug|Any CPU.Build.0 = Debug|Any CPU
		{5926E1E8-DD5D-4623-999C-C48F750EA942}.Release|Any CPU.ActiveCfg = Release|Any CPU
		{5926E1E8-DD5D-4623-999C-C48F750EA942}.Release|Any CPU.Build.0 = Release|Any CPU
		{5337C093-8890-4B97-B5EE-A75467A9C652}.Debug|Any CPU.ActiveCfg = Debug|Any CPU
		{5337C093-8890-4B97-B5EE-A75467A9C652}.Debug|Any CPU.Build.0 = Debug|Any CPU
		{5337C093-8890-4B97-B5EE-A75467A9C652}.Release|Any CPU.ActiveCfg = Release|Any CPU
		{5337C093-8890-4B97-B5EE-A75467A9C652}.Release|Any CPU.Build.0 = Release|Any CPU
		{F6D15827-F8DE-49D9-B0E2-C782FAF58661}.Debug|Any CPU.ActiveCfg = Debug|Any CPU
		{F6D15827-F8DE-49D9-B0E2-C782FAF58661}.Debug|Any CPU.Build.0 = Debug|Any CPU
		{F6D15827-F8DE-49D9-B0E2-C782FAF58661}.Release|Any CPU.ActiveCfg = Release|Any CPU
		{F6D15827-F8DE-49D9-B0E2-C782FAF58661}.Release|Any CPU.Build.0 = Release|Any CPU
	EndGlobalSection
	GlobalSection(SolutionProperties) = preSolution
		HideSolutionNode = FALSE
	EndGlobalSection
	GlobalSection(ExtensibilityGlobals) = postSolution
		SolutionGuid = {02C1A70F-C570-46B8-9C98-E0EF65ED0797}
	EndGlobalSection
EndGlobal
